// !$*UTF8*$!
{
	archiveVersion = 1;
	classes = {
	};
	objectVersion = 56;
	objects = {

/* Begin PBXBuildFile section */
		3C2EECEE2AEF0744007A9A7F /* AppDelegate.swift in Sources */ = {isa = PBXBuildFile; fileRef = 3C2EECED2AEF0744007A9A7F /* AppDelegate.swift */; };
		3C2EECF02AEF0744007A9A7F /* GameViewController.swift in Sources */ = {isa = PBXBuildFile; fileRef = 3C2EECEF2AEF0744007A9A7F /* GameViewController.swift */; };
		3C2EECF32AEF0744007A9A7F /* Main.storyboard in Resources */ = {isa = PBXBuildFile; fileRef = 3C2EECF12AEF0744007A9A7F /* Main.storyboard */; };
		3C2EECF62AEF0744007A9A7F /* LaunchScreen.storyboard in Resources */ = {isa = PBXBuildFile; fileRef = 3C2EECF42AEF0744007A9A7F /* LaunchScreen.storyboard */; };
		3C2EECF72AEF0744007A9A7F /* Actions.sks in Resources */ = {isa = PBXBuildFile; fileRef = 3C2EECE22AEF0741007A9A7F /* Actions.sks */; };
		3C2EECF82AEF0744007A9A7F /* GameScene.sks in Resources */ = {isa = PBXBuildFile; fileRef = 3C2EECE32AEF0741007A9A7F /* GameScene.sks */; };
		3C2EECF92AEF0744007A9A7F /* GameScene.swift in Sources */ = {isa = PBXBuildFile; fileRef = 3C2EECE42AEF0741007A9A7F /* GameScene.swift */; };
		3C2EECFA2AEF0744007A9A7F /* Assets.xcassets in Resources */ = {isa = PBXBuildFile; fileRef = 3C2EECE52AEF0744007A9A7F /* Assets.xcassets */; };
/* End PBXBuildFile section */

/* Begin PBXFileReference section */
		3C2EECE22AEF0741007A9A7F /* Actions.sks */ = {isa = PBXFileReference; lastKnownFileType = file.sks; path = Actions.sks; sourceTree = "<group>"; };
		3C2EECE32AEF0741007A9A7F /* GameScene.sks */ = {isa = PBXFileReference; lastKnownFileType = file.sks; path = GameScene.sks; sourceTree = "<group>"; };
		3C2EECE42AEF0741007A9A7F /* GameScene.swift */ = {isa = PBXFileReference; lastKnownFileType = sourcecode.swift; path = GameScene.swift; sourceTree = "<group>"; };
		3C2EECE52AEF0744007A9A7F /* Assets.xcassets */ = {isa = PBXFileReference; lastKnownFileType = folder.assetcatalog; path = Assets.xcassets; sourceTree = "<group>"; };
		3C2EECEA2AEF0744007A9A7F /* runningGirl2D.app */ = {isa = PBXFileReference; explicitFileType = wrapper.application; includeInIndex = 0; path = runningGirl2D.app; sourceTree = BUILT_PRODUCTS_DIR; };
		3C2EECED2AEF0744007A9A7F /* AppDelegate.swift */ = {isa = PBXFileReference; lastKnownFileType = sourcecode.swift; path = AppDelegate.swift; sourceTree = "<group>"; };
		3C2EECEF2AEF0744007A9A7F /* GameViewController.swift */ = {isa = PBXFileReference; lastKnownFileType = sourcecode.swift; path = GameViewController.swift; sourceTree = "<group>"; };
		3C2EECF22AEF0744007A9A7F /* Base */ = {isa = PBXFileReference; lastKnownFileType = file.storyboard; name = Base; path = Base.lproj/Main.storyboard; sourceTree = "<group>"; };
		3C2EECF52AEF0744007A9A7F /* Base */ = {isa = PBXFileReference; lastKnownFileType = file.storyboard; name = Base; path = Base.lproj/LaunchScreen.storyboard; sourceTree = "<group>"; };
/* End PBXFileReference section */

/* Begin PBXFrameworksBuildPhase section */
		3C2EECE72AEF0744007A9A7F /* Frameworks */ = {
			isa = PBXFrameworksBuildPhase;
			buildActionMask = 2147483647;
			files = (
			);
			runOnlyForDeploymentPostprocessing = 0;
		};
/* End PBXFrameworksBuildPhase section */

/* Begin PBXGroup section */
		3C2EECDC2AEF0741007A9A7F = {
			isa = PBXGroup;
			children = (
				3C2EECE12AEF0741007A9A7F /* runningGirl2D Shared */,
				3C2EECEC2AEF0744007A9A7F /* runningGirl2D iOS */,
				3C2EECEB2AEF0744007A9A7F /* Products */,
			);
			sourceTree = "<group>";
		};
		3C2EECE12AEF0741007A9A7F /* runningGirl2D Shared */ = {
			isa = PBXGroup;
			children = (
				3C2EECE22AEF0741007A9A7F /* Actions.sks */,
				3C2EECE32AEF0741007A9A7F /* GameScene.sks */,
				3C2EECE42AEF0741007A9A7F /* GameScene.swift */,
				3C2EECE52AEF0744007A9A7F /* Assets.xcassets */,
			);
			path = "runningGirl2D Shared";
			sourceTree = "<group>";
		};
		3C2EECEB2AEF0744007A9A7F /* Products */ = {
			isa = PBXGroup;
			children = (
				3C2EECEA2AEF0744007A9A7F /* runningGirl2D.app */,
			);
			name = Products;
			sourceTree = "<group>";
		};
		3C2EECEC2AEF0744007A9A7F /* runningGirl2D iOS */ = {
			isa = PBXGroup;
			children = (
				3C2EECED2AEF0744007A9A7F /* AppDelegate.swift */,
				3C2EECEF2AEF0744007A9A7F /* GameViewController.swift */,
				3C2EECF12AEF0744007A9A7F /* Main.storyboard */,
				3C2EECF42AEF0744007A9A7F /* LaunchScreen.storyboard */,
			);
			path = "runningGirl2D iOS";
			sourceTree = "<group>";
		};
/* End PBXGroup section */

/* Begin PBXNativeTarget section */
		3C2EECE92AEF0744007A9A7F /* runningGirl2D iOS */ = {
			isa = PBXNativeTarget;
			buildConfigurationList = 3C2EECFD2AEF0744007A9A7F /* Build configuration list for PBXNativeTarget "runningGirl2D iOS" */;
			buildPhases = (
				3C2EECE62AEF0744007A9A7F /* Sources */,
				3C2EECE72AEF0744007A9A7F /* Frameworks */,
				3C2EECE82AEF0744007A9A7F /* Resources */,
			);
			buildRules = (
			);
			dependencies = (
			);
			name = "runningGirl2D iOS";
			productName = "runningGirl2D iOS";
			productReference = 3C2EECEA2AEF0744007A9A7F /* runningGirl2D.app */;
			productType = "com.apple.product-type.application";
		};
/* End PBXNativeTarget section */

/* Begin PBXProject section */
		3C2EECDD2AEF0741007A9A7F /* Project object */ = {
			isa = PBXProject;
			attributes = {
				BuildIndependentTargetsInParallel = 1;
				LastSwiftUpdateCheck = 1430;
				LastUpgradeCheck = 1430;
				TargetAttributes = {
					3C2EECE92AEF0744007A9A7F = {
						CreatedOnToolsVersion = 14.3.1;
					};
				};
			};
			buildConfigurationList = 3C2EECE02AEF0741007A9A7F /* Build configuration list for PBXProject "runningGirl2D" */;
			compatibilityVersion = "Xcode 14.0";
			developmentRegion = en;
			hasScannedForEncodings = 0;
			knownRegions = (
				en,
				Base,
			);
			mainGroup = 3C2EECDC2AEF0741007A9A7F;
			productRefGroup = 3C2EECEB2AEF0744007A9A7F /* Products */;
			projectDirPath = "";
			projectRoot = "";
			targets = (
				3C2EECE92AEF0744007A9A7F /* runningGirl2D iOS */,
			);
		};
/* End PBXProject section */

/* Begin PBXResourcesBuildPhase section */
		3C2EECE82AEF0744007A9A7F /* Resources */ = {
			isa = PBXResourcesBuildPhase;
			buildActionMask = 2147483647;
			files = (
				3C2EECF82AEF0744007A9A7F /* GameScene.sks in Resources */,
				3C2EECF32AEF0744007A9A7F /* Main.storyboard in Resources */,
				3C2EECF72AEF0744007A9A7F /* Actions.sks in Resources */,
				3C2EECF62AEF0744007A9A7F /* LaunchScreen.storyboard in Resources */,
				3C2EECFA2AEF0744007A9A7F /* Assets.xcassets in Resources */,
			);
			runOnlyForDeploymentPostprocessing = 0;
		};
/* End PBXResourcesBuildPhase section */

/* Begin PBXSourcesBuildPhase section */
		3C2EECE62AEF0744007A9A7F /* Sources */ = {
			isa = PBXSourcesBuildPhase;
			buildActionMask = 2147483647;
			files = (
				3C2EECF92AEF0744007A9A7F /* GameScene.swift in Sources */,
				3C2EECF02AEF0744007A9A7F /* GameViewController.swift in Sources */,
				3C2EECEE2AEF0744007A9A7F /* AppDelegate.swift in Sources */,
			);
			runOnlyForDeploymentPostprocessing = 0;
		};
/* End PBXSourcesBuildPhase section */

/* Begin PBXVariantGroup section */
		3C2EECF12AEF0744007A9A7F /* Main.storyboard */ = {
			isa = PBXVariantGroup;
			children = (
				3C2EECF22AEF0744007A9A7F /* Base */,
			);
			name = Main.storyboard;
			sourceTree = "<group>";
		};
		3C2EECF42AEF0744007A9A7F /* LaunchScreen.storyboard */ = {
			isa = PBXVariantGroup;
			children = (
				3C2EECF52AEF0744007A9A7F /* Base */,
			);
			name = LaunchScreen.storyboard;
			sourceTree = "<group>";
		};
/* End PBXVariantGroup section */

/* Begin XCBuildConfiguration section */
		3C2EECFB2AEF0744007A9A7F /* Debug */ = {
			isa = XCBuildConfiguration;
			buildSettings = {
				ALWAYS_SEARCH_USER_PATHS = NO;
				CLANG_ANALYZER_NONNULL = YES;
				CLANG_ANALYZER_NUMBER_OBJECT_CONVERSION = YES_AGGRESSIVE;
				CLANG_CXX_LANGUAGE_STANDARD = "gnu++20";
				CLANG_ENABLE_MODULES = YES;
				CLANG_ENABLE_OBJC_ARC = YES;
				CLANG_ENABLE_OBJC_WEAK = YES;
				CLANG_WARN_BLOCK_CAPTURE_AUTORELEASING = YES;
				CLANG_WARN_BOOL_CONVERSION = YES;
				CLANG_WARN_COMMA = YES;
				CLANG_WARN_CONSTANT_CONVERSION = YES;
				CLANG_WARN_DEPRECATED_OBJC_IMPLEMENTATIONS = YES;
				CLANG_WARN_DIRECT_OBJC_ISA_USAGE = YES_ERROR;
				CLANG_WARN_DOCUMENTATION_COMMENTS = YES;
				CLANG_WARN_EMPTY_BODY = YES;
				CLANG_WARN_ENUM_CONVERSION = YES;
				CLANG_WARN_INFINITE_RECURSION = YES;
				CLANG_WARN_INT_CONVERSION = YES;
				CLANG_WARN_NON_LITERAL_NULL_CONVERSION = YES;
				CLANG_WARN_OBJC_IMPLICIT_RETAIN_SELF = YES;
				CLANG_WARN_OBJC_LITERAL_CONVERSION = YES;
				CLANG_WARN_OBJC_ROOT_CLASS = YES_ERROR;
				CLANG_WARN_QUOTED_INCLUDE_IN_FRAMEWORK_HEADER = YES;
				CLANG_WARN_RANGE_LOOP_ANALYSIS = YES;
				CLANG_WARN_STRICT_PROTOTYPES = YES;
				CLANG_WARN_SUSPICIOUS_MOVE = YES;
				CLANG_WARN_UNGUARDED_AVAILABILITY = YES_AGGRESSIVE;
				CLANG_WARN_UNREACHABLE_CODE = YES;
				CLANG_WARN__DUPLICATE_METHOD_MATCH = YES;
				COPY_PHASE_STRIP = NO;
				DEBUG_INFORMATION_FORMAT = dwarf;
				ENABLE_STRICT_OBJC_MSGSEND = YES;
				ENABLE_TESTABILITY = YES;
				GCC_C_LANGUAGE_STANDARD = gnu11;
				GCC_DYNAMIC_NO_PIC = NO;
				GCC_NO_COMMON_BLOCKS = YES;
				GCC_OPTIMIZATION_LEVEL = 0;
				GCC_PREPROCESSOR_DEFINITIONS = (
					"DEBUG=1",
					"$(inherited)",
				);
				GCC_WARN_64_TO_32_BIT_CONVERSION = YES;
				GCC_WARN_ABOUT_RETURN_TYPE = YES_ERROR;
				GCC_WARN_UNDECLARED_SELECTOR = YES;
				GCC_WARN_UNINITIALIZED_AUTOS = YES_AGGRESSIVE;
				GCC_WARN_UNUSED_FUNCTION = YES;
				GCC_WARN_UNUSED_VARIABLE = YES;
				MTL_ENABLE_DEBUG_INFO = INCLUDE_SOURCE;
				MTL_FAST_MATH = YES;
				ONLY_ACTIVE_ARCH = YES;
				SWIFT_ACTIVE_COMPILATION_CONDITIONS = DEBUG;
				SWIFT_OPTIMIZATION_LEVEL = "-Onone";
			};
			name = Debug;
		};
		3C2EECFC2AEF0744007A9A7F /* Release */ = {
			isa = XCBuildConfiguration;
			buildSettings = {
				ALWAYS_SEARCH_USER_PATHS = NO;
				CLANG_ANALYZER_NONNULL = YES;
				CLANG_ANALYZER_NUMBER_OBJECT_CONVERSION = YES_AGGRESSIVE;
				CLANG_CXX_LANGUAGE_STANDARD = "gnu++20";
				CLANG_ENABLE_MODULES = YES;
				CLANG_ENABLE_OBJC_ARC = YES;
				CLANG_ENABLE_OBJC_WEAK = YES;
				CLANG_WARN_BLOCK_CAPTURE_AUTORELEASING = YES;
				CLANG_WARN_BOOL_CONVERSION = YES;
				CLANG_WARN_COMMA = YES;
				CLANG_WARN_CONSTANT_CONVERSION = YES;
				CLANG_WARN_DEPRECATED_OBJC_IMPLEMENTATIONS = YES;
				CLANG_WARN_DIRECT_OBJC_ISA_USAGE = YES_ERROR;
				CLANG_WARN_DOCUMENTATION_COMMENTS = YES;
				CLANG_WARN_EMPTY_BODY = YES;
				CLANG_WARN_ENUM_CONVERSION = YES;
				CLANG_WARN_INFINITE_RECURSION = YES;
				CLANG_WARN_INT_CONVERSION = YES;
				CLANG_WARN_NON_LITERAL_NULL_CONVERSION = YES;
				CLANG_WARN_OBJC_IMPLICIT_RETAIN_SELF = YES;
				CLANG_WARN_OBJC_LITERAL_CONVERSION = YES;
				CLANG_WARN_OBJC_ROOT_CLASS = YES_ERROR;
				CLANG_WARN_QUOTED_INCLUDE_IN_FRAMEWORK_HEADER = YES;
				CLANG_WARN_RANGE_LOOP_ANALYSIS = YES;
				CLANG_WARN_STRICT_PROTOTYPES = YES;
				CLANG_WARN_SUSPICIOUS_MOVE = YES;
				CLANG_WARN_UNGUARDED_AVAILABILITY = YES_AGGRESSIVE;
				CLANG_WARN_UNREACHABLE_CODE = YES;
				CLANG_WARN__DUPLICATE_METHOD_MATCH = YES;
				COPY_PHASE_STRIP = NO;
				DEBUG_INFORMATION_FORMAT = "dwarf-with-dsym";
				ENABLE_NS_ASSERTIONS = NO;
				ENABLE_STRICT_OBJC_MSGSEND = YES;
				GCC_C_LANGUAGE_STANDARD = gnu11;
				GCC_NO_COMMON_BLOCKS = YES;
				GCC_WARN_64_TO_32_BIT_CONVERSION = YES;
				GCC_WARN_ABOUT_RETURN_TYPE = YES_ERROR;
				GCC_WARN_UNDECLARED_SELECTOR = YES;
				GCC_WARN_UNINITIALIZED_AUTOS = YES_AGGRESSIVE;
				GCC_WARN_UNUSED_FUNCTION = YES;
				GCC_WARN_UNUSED_VARIABLE = YES;
				MTL_ENABLE_DEBUG_INFO = NO;
				MTL_FAST_MATH = YES;
				SWIFT_COMPILATION_MODE = wholemodule;
				SWIFT_OPTIMIZATION_LEVEL = "-O";
			};
			name = Release;
		};
		3C2EECFE2AEF0744007A9A7F /* Debug */ = {
			isa = XCBuildConfiguration;
			buildSettings = {
				ASSETCATALOG_COMPILER_APPICON_NAME = AppIcon;
				ASSETCATALOG_COMPILER_GLOBAL_ACCENT_COLOR_NAME = AccentColor;
				CODE_SIGN_STYLE = Automatic;
				CURRENT_PROJECT_VERSION = 1;
				DEVELOPMENT_TEAM = C6WV4C3GB8;
				GENERATE_INFOPLIST_FILE = YES;
				INFOPLIST_KEY_UIApplicationSupportsIndirectInputEvents = YES;
				INFOPLIST_KEY_UILaunchStoryboardName = LaunchScreen;
				INFOPLIST_KEY_UIMainStoryboardFile = Main;
				INFOPLIST_KEY_UIStatusBarHidden = YES;
				INFOPLIST_KEY_UISupportedInterfaceOrientations_iPad = "UIInterfaceOrientationPortrait UIInterfaceOrientationPortraitUpsideDown UIInterfaceOrientationLandscapeLeft UIInterfaceOrientationLandscapeRight";
				INFOPLIST_KEY_UISupportedInterfaceOrientations_iPhone = "UIInterfaceOrientationPortrait UIInterfaceOrientationLandscapeLeft UIInterfaceOrientationLandscapeRight";
				IPHONEOS_DEPLOYMENT_TARGET = 16.4;
				LD_RUNPATH_SEARCH_PATHS = (
					"$(inherited)",
					"@executable_path/Frameworks",
				);
				MARKETING_VERSION = 1.0;
				PRODUCT_BUNDLE_IDENTIFIER = hecox.runningGirl2D;
				PRODUCT_NAME = runningGirl2D;
				SDKROOT = iphoneos;
				SWIFT_EMIT_LOC_STRINGS = YES;
				SWIFT_VERSION = 5.0;
				TARGETED_DEVICE_FAMILY = "1,2";
			};
			name = Debug;
		};
		3C2EECFF2AEF0744007A9A7F /* Release */ = {
			isa = XCBuildConfiguration;
			buildSettings = {
				ASSETCATALOG_COMPILER_APPICON_NAME = AppIcon;
				ASSETCATALOG_COMPILER_GLOBAL_ACCENT_COLOR_NAME = AccentColor;
				CODE_SIGN_STYLE = Automatic;
				CURRENT_PROJECT_VERSION = 1;
				DEVELOPMENT_TEAM = C6WV4C3GB8;
				GENERATE_INFOPLIST_FILE = YES;
				INFOPLIST_KEY_UIApplicationSupportsIndirectInputEvents = YES;
				INFOPLIST_KEY_UILaunchStoryboardName = LaunchScreen;
				INFOPLIST_KEY_UIMainStoryboardFile = Main;
				INFOPLIST_KEY_UIStatusBarHidden = YES;
				INFOPLIST_KEY_UISupportedInterfaceOrientations_iPad = "UIInterfaceOrientationPortrait UIInterfaceOrientationPortraitUpsideDown UIInterfaceOrientationLandscapeLeft UIInterfaceOrientationLandscapeRight";
				INFOPLIST_KEY_UISupportedInterfaceOrientations_iPhone = "UIInterfaceOrientationPortrait UIInterfaceOrientationLandscapeLeft UIInterfaceOrientationLandscapeRight";
				IPHONEOS_DEPLOYMENT_TARGET = 16.4;
				LD_RUNPATH_SEARCH_PATHS = (
					"$(inherited)",
					"@executable_path/Frameworks",
				);
				MARKETING_VERSION = 1.0;
				PRODUCT_BUNDLE_IDENTIFIER = hecox.runningGirl2D;
				PRODUCT_NAME = runningGirl2D;
				SDKROOT = iphoneos;
				SWIFT_EMIT_LOC_STRINGS = YES;
				SWIFT_VERSION = 5.0;
				TARGETED_DEVICE_FAMILY = "1,2";
				VALIDATE_PRODUCT = YES;
			};
			name = Release;
		};
/* End XCBuildConfiguration section */

/* Begin XCConfigurationList section */
		3C2EECE02AEF0741007A9A7F /* Build configuration list for PBXProject "runningGirl2D" */ = {
			isa = XCConfigurationList;
			buildConfigurations = (
				3C2EECFB2AEF0744007A9A7F /* Debug */,
				3C2EECFC2AEF0744007A9A7F /* Release */,
			);
			defaultConfigurationIsVisible = 0;
			defaultConfigurationName = Release;
		};
		3C2EECFD2AEF0744007A9A7F /* Build configuration list for PBXNativeTarget "runningGirl2D iOS" */ = {
			isa = XCConfigurationList;
			buildConfigurations = (
				3C2EECFE2AEF0744007A9A7F /* Debug */,
				3C2EECFF2AEF0744007A9A7F /* Release */,
			);
			defaultConfigurationIsVisible = 0;
			defaultConfigurationName = Release;
		};
/* End XCConfigurationList section */
	};
	rootObject = 3C2EECDD2AEF0741007A9A7F /* Project object */;
}
